
Microsoft Visual Studio Solution File, Format Version 12.00
# Visual Studio Version 17
VisualStudioVersion = 17.0.31903.59
MinimumVisualStudioVersion = 10.0.40219.1
Project("{FAE04EC0-301F-11D3-BF4B-00C04F79EFBC}") = "AlgorithmsApp", "AlgorithmsApp\AlgorithmsApp.csproj", "{AC168D9A-AEB6-4290-8C5A-9FC9CD84A199}"
EndProject
Global
	GlobalSection(SolutionConfigurationPlatforms) = preSolution
		Debug|Any CPU = Debug|Any CPU
		Release|Any CPU = Release|Any CPU
	EndGlobalSection
	GlobalSection(ProjectConfigurationPlatforms) = postSolution
		{AC168D9A-AEB6-4290-8C5A-9FC9CD84A199}.Debug|Any CPU.ActiveCfg = Debug|Any CPU
		{AC168D9A-AEB6-4290-8C5A-9FC9CD84A199}.Debug|Any CPU.Build.0 = Debug|Any CPU
		{AC168D9A-AEB6-4290-8C5A-9FC9CD84A199}.Release|Any CPU.ActiveCfg = Release|Any CPU
		{AC168D9A-AEB6-4290-8C5A-9FC9CD84A199}.Release|Any CPU.Build.0 = Release|Any CPU
	EndGlobalSection
	GlobalSection(SolutionProperties) = preSolution
		HideSolutionNode = FALSE
	EndGlobalSection
	GlobalSection(ExtensibilityGlobals) = postSolution
		SolutionGuid = {78E73B4F-6DF5-4348-9161-193DF45A8F2C}
	EndGlobalSection
EndGlobal
