
Microsoft Visual Studio Solution File, Format Version 12.00
# Visual Studio Version 17
VisualStudioVersion = 17.0.31903.59
MinimumVisualStudioVersion = 10.0.40219.1
Project("{9A19103F-16F7-4668-BE54-9A1E7A4F7556}") = "AlgorithmsApp", "AlgorithmsApp\AlgorithmsApp.csproj", "{AC168D9A-AEB6-4290-8C5A-9FC9CD84A199}"
EndProject
Project("{FAE04EC0-301F-11D3-BF4B-00C04F79EFBC}") = "DevPractices", "DevPractices\DevPractices.csproj", "{C0F67D15-589F-4837-998E-AAFE1856268E}"
EndProject
Project("{2150E333-8FDC-42A3-9474-1A3956D46DE8}") = "Solution Items", "Solution Items", "{51B6C905-61EC-46D5-8BC6-AD9D4FCF0562}"
EndProject
Project("{FAE04EC0-301F-11D3-BF4B-00C04F79EFBC}") = "Patterns", "Patterns\Patterns.csproj", "{408F1600-3419-4F65-A8DE-91C38CCA205C}"
EndProject
Global
	GlobalSection(SolutionConfigurationPlatforms) = preSolution
		Debug|Any CPU = Debug|Any CPU
		Release|Any CPU = Release|Any CPU
	EndGlobalSection
	GlobalSection(ProjectConfigurationPlatforms) = postSolution
		{AC168D9A-AEB6-4290-8C5A-9FC9CD84A199}.Debug|Any CPU.ActiveCfg = Debug|Any CPU
		{AC168D9A-AEB6-4290-8C5A-9FC9CD84A199}.Debug|Any CPU.Build.0 = Debug|Any CPU
		{AC168D9A-AEB6-4290-8C5A-9FC9CD84A199}.Release|Any CPU.ActiveCfg = Release|Any CPU
		{AC168D9A-AEB6-4290-8C5A-9FC9CD84A199}.Release|Any CPU.Build.0 = Release|Any CPU
		{C0F67D15-589F-4837-998E-AAFE1856268E}.Debug|Any CPU.ActiveCfg = Debug|Any CPU
		{C0F67D15-589F-4837-998E-AAFE1856268E}.Debug|Any CPU.Build.0 = Debug|Any CPU
		{C0F67D15-589F-4837-998E-AAFE1856268E}.Release|Any CPU.ActiveCfg = Release|Any CPU
		{C0F67D15-589F-4837-998E-AAFE1856268E}.Release|Any CPU.Build.0 = Release|Any CPU
		{408F1600-3419-4F65-A8DE-91C38CCA205C}.Debug|Any CPU.ActiveCfg = Debug|Any CPU
		{408F1600-3419-4F65-A8DE-91C38CCA205C}.Debug|Any CPU.Build.0 = Debug|Any CPU
		{408F1600-3419-4F65-A8DE-91C38CCA205C}.Release|Any CPU.ActiveCfg = Release|Any CPU
		{408F1600-3419-4F65-A8DE-91C38CCA205C}.Release|Any CPU.Build.0 = Release|Any CPU
	EndGlobalSection
	GlobalSection(SolutionProperties) = preSolution
		HideSolutionNode = FALSE
	EndGlobalSection
	GlobalSection(ExtensibilityGlobals) = postSolution
		SolutionGuid = {78E73B4F-6DF5-4348-9161-193DF45A8F2C}
	EndGlobalSection
EndGlobal
